PODS:
  - IKEventSource (1.0.1)
  - Nimble (2.0.0-rc.2)
  - Quick (0.5.1)
  - Starscream (0.9.4)

DEPENDENCIES:
  - IKEventSource (from `https://github.com/col/EventSource`, branch `swift-2.0`)
  - Nimble (from `https://github.com/Quick/Nimble`, branch `swift-2.0`)
  - Quick (from `https://github.com/Quick/Quick`, branch `swift-2.0`)
  - Starscream (from `https://github.com/col/Starscream`, branch `Swift-2.0`)

EXTERNAL SOURCES:
  IKEventSource:
    :branch: swift-2.0
    :git: https://github.com/col/EventSource
  Nimble:
    :branch: swift-2.0
    :git: https://github.com/Quick/Nimble
  Quick:
    :branch: swift-2.0
    :git: https://github.com/Quick/Quick
  Starscream:
    :branch: Swift-2.0
    :git: https://github.com/col/Starscream

CHECKOUT OPTIONS:
  IKEventSource:
    :commit: dd388c361f01f3583198c6a672ea7b14c7aaa944
    :git: https://github.com/col/EventSource
  Nimble:
    :commit: 371f9699af53d50b26186f6700166116fb26c8e6
    :git: https://github.com/Quick/Nimble
  Quick:
    :commit: 210c7a0edcfabbd20e71a258fa2a7c943769a8c1
    :git: https://github.com/Quick/Quick
  Starscream:
    :commit: 36d4426888a106bb7930c802e6a6eab17cc48bb2
    :git: https://github.com/col/Starscream

SPEC CHECKSUMS:
  IKEventSource: 5857cbc6ca06be24f12ecbc980a58007e24413b4
  Nimble: e3cf5e73a491daf21c2bc88783dbfc55ce8b8e02
  Quick: 7426537a99e75076d6930c5b6da58006e4a9f38a
  Starscream: 0ad8f312bb826c3d7610bd842d66528eee34ad81

COCOAPODS: 0.38.0
